lockfileVersion: '9.0'

settings:
  autoInstallPeers: true
  excludeLinksFromLockfile: false

importers:

  .:
    dependencies:
      pnpm:
        specifier: ^9.11.0
        version: 9.11.0

packages:

  pnpm@9.11.0:
    resolution: {integrity: sha512-CiA/+u1aP2MkLNBkyPtYkjZsED4ygHkxj3gGLyTqjJ1QvGpHqjVnyr79gk0XDnj6J0XtHxaxMuFkNhRrdojxmw==}
    engines: {node: '>=18.12'}
    hasBin: true

snapshots:

  pnpm@9.11.0: {}
